
Microsoft Visual Studio Solution File, Format Version 12.00
# Visual Studio Version 16
VisualStudioVersion = 16.0.31613.86
MinimumVisualStudioVersion = 10.0.40219.1
Project("{F2A71F9B-5D33-465A-A702-920D77279786}") = "ChartExtractor", "ChartExtractor\ChartExtractor.fsproj", "{22AF8F90-7967-4BD9-9A7D-CF34D45513EB}"
EndProject
Global
	GlobalSection(SolutionConfigurationPlatforms) = preSolution
		Debug|Any CPU = Debug|Any CPU
		Release|Any CPU = Release|Any CPU
	EndGlobalSection
	GlobalSection(ProjectConfigurationPlatforms) = postSolution
		{22AF8F90-7967-4BD9-9A7D-CF34D45513EB}.Debug|Any CPU.ActiveCfg = Debug|Any CPU
		{22AF8F90-7967-4BD9-9A7D-CF34D45513EB}.Debug|Any CPU.Build.0 = Debug|Any CPU
		{22AF8F90-7967-4BD9-9A7D-CF34D45513EB}.Release|Any CPU.ActiveCfg = Release|Any CPU
		{22AF8F90-7967-4BD9-9A7D-CF34D45513EB}.Release|Any CPU.Build.0 = Release|Any CPU
	EndGlobalSection
	GlobalSection(SolutionProperties) = preSolution
		HideSolutionNode = FALSE
	EndGlobalSection
	GlobalSection(ExtensibilityGlobals) = postSolution
		SolutionGuid = {D28E1335-691F-4622-8CFE-B153538298E1}
	EndGlobalSection
EndGlobal
